{
  "requires": true,
  "lockfileVersion": 1,
  "dependencies": {
    "@types/tapable": {
      "version": "1.0.1",
      "resolved": "https://registry.npmjs.org/@types/tapable/-/tapable-1.0.1.tgz",
      "integrity": "sha512-zRc13uGALq6rmLOYmpdI8X5TK6ATuf9jITC7iKTxaHqb/se7vBdiC8BEp1vM2VJQVSt3N53kDDzJOYeVkUKO/Q=="
    }
  }
}
