{
  "requires": true,
  "lockfileVersion": 1,
  "dependencies": {
    "iconv": {
      "version": "2.3.0",
      "resolved": "https://registry.npmjs.org/iconv/-/iconv-2.3.0.tgz",
      "integrity": "sha512-eu9senpOZ7wzNweLX09jtrCdmEiie8Z5/iMxdIq3i7tkgg562EwKSU9yjXMz8ncaQ0B+845vbqAz+1kPFXzbtQ==",
      "dev": true,
      "requires": {
        "nan": "^2.3.5"
      }
    },
    "lodash": {
      "version": "3.8.0",
      "resolved": "https://registry.npmjs.org/lodash/-/lodash-3.8.0.tgz",
      "integrity": "sha1-N265i9zZOCqTZcM8TLglDeEyW5E=",
      "dev": true
    },
    "nan": {
      "version": "2.10.0",
      "resolved": "https://registry.npmjs.org/nan/-/nan-2.10.0.tgz",
      "integrity": "sha512-bAdJv7fBLhWC+/Bls0Oza+mvTaNQtP+1RyhhhvD95pgUJz6XM5IzgmxOkItJ9tkoCiplvAnXI1tNmmUD/eScyA==",
      "dev": true
    },
    "pdffiller": {
      "version": "0.0.10",
      "resolved": "https://registry.npmjs.org/pdffiller/-/pdffiller-0.0.10.tgz",
      "integrity": "sha1-FQwD0gvoNQ/SGrkD5Ps0BCbicLU=",
      "dev": true,
      "requires": {
        "lodash": "~3.8.0",
        "utf8-fdf-generator": "0.0.3"
      }
    },
    "utf8-fdf-generator": {
      "version": "0.0.3",
      "resolved": "https://registry.npmjs.org/utf8-fdf-generator/-/utf8-fdf-generator-0.0.3.tgz",
      "integrity": "sha1-OX6PeUDCdtDj1DXsJ7F9Olfo+c4=",
      "dev": true,
      "requires": {
        "iconv": "*"
      }
    }
  }
}
